// !$*UTF8*$!
{
	archiveVersion = 1;
	classes = {
	};
	objectVersion = 48;
	objects = {

/* Begin PBXBuildFile section */
		03A40A813D604D28D429B8AD /* Pods_Smack.framework in Frameworks */ = {isa = PBXBuildFile; fileRef = 341770E8EA4E4D111BB8B51C /* Pods_Smack.framework */; };
		273CDCA91F2A60800031B819 /* AuthService.swift in Sources */ = {isa = PBXBuildFile; fileRef = 273CDCA81F2A60800031B819 /* AuthService.swift */; };
		273ED4231F2AD4C3004A60D5 /* RoundedButton.swift in Sources */ = {isa = PBXBuildFile; fileRef = 273ED4221F2AD4C3004A60D5 /* RoundedButton.swift */; };
		273ED4251F2ADE31004A60D5 /* UserDataService.swift in Sources */ = {isa = PBXBuildFile; fileRef = 273ED4241F2ADE31004A60D5 /* UserDataService.swift */; };
		273ED4271F2AE6B2004A60D5 /* AvatarPickerVC.swift in Sources */ = {isa = PBXBuildFile; fileRef = 273ED4261F2AE6B2004A60D5 /* AvatarPickerVC.swift */; };
		273ED4291F2AE80C004A60D5 /* AvatarCell.swift in Sources */ = {isa = PBXBuildFile; fileRef = 273ED4281F2AE80C004A60D5 /* AvatarCell.swift */; };
		273ED42B1F2AF314004A60D5 /* CircleImage.swift in Sources */ = {isa = PBXBuildFile; fileRef = 273ED42A1F2AF314004A60D5 /* CircleImage.swift */; };
		27B3D31C1F29640D00D1C9F2 /* ChatVC.swift in Sources */ = {isa = PBXBuildFile; fileRef = 27B3D31B1F29640D00D1C9F2 /* ChatVC.swift */; };
		27B3D31E1F29641D00D1C9F2 /* ChannelVC.swift in Sources */ = {isa = PBXBuildFile; fileRef = 27B3D31D1F29641D00D1C9F2 /* ChannelVC.swift */; };
		27B3D3221F296F3800D1C9F2 /* SWRevealViewController.m in Sources */ = {isa = PBXBuildFile; fileRef = 27B3D3201F296ACE00D1C9F2 /* SWRevealViewController.m */; };
		27B3D3241F29B76F00D1C9F2 /* GradientView.swift in Sources */ = {isa = PBXBuildFile; fileRef = 27B3D3231F29B76F00D1C9F2 /* GradientView.swift */; };
		27E66B4B1F2A2D72009A04A3 /* Constants.swift in Sources */ = {isa = PBXBuildFile; fileRef = 27E66B4A1F2A2D72009A04A3 /* Constants.swift */; };
		27E66B4D1F2A31E5009A04A3 /* LoginVC.swift in Sources */ = {isa = PBXBuildFile; fileRef = 27E66B4C1F2A31E5009A04A3 /* LoginVC.swift */; };
		27E66B4F1F2A33E4009A04A3 /* CreateAccountVC.swift in Sources */ = {isa = PBXBuildFile; fileRef = 27E66B4E1F2A33E4009A04A3 /* CreateAccountVC.swift */; };
		27F295921F294D0E006AE5FD /* AppDelegate.swift in Sources */ = {isa = PBXBuildFile; fileRef = 27F295911F294D0E006AE5FD /* AppDelegate.swift */; };
		27F295971F294D0E006AE5FD /* Main.storyboard in Resources */ = {isa = PBXBuildFile; fileRef = 27F295951F294D0E006AE5FD /* Main.storyboard */; };
		27F295991F294D0E006AE5FD /* Assets.xcassets in Resources */ = {isa = PBXBuildFile; fileRef = 27F295981F294D0E006AE5FD /* Assets.xcassets */; };
		27F2959C1F294D0E006AE5FD /* LaunchScreen.storyboard in Resources */ = {isa = PBXBuildFile; fileRef = 27F2959A1F294D0E006AE5FD /* LaunchScreen.storyboard */; };
/* End PBXBuildFile section */

/* Begin PBXFileReference section */
		273CDCA81F2A60800031B819 /* AuthService.swift */ = {isa = PBXFileReference; lastKnownFileType = sourcecode.swift; path = AuthService.swift; sourceTree = "<group>"; };
		273ED4221F2AD4C3004A60D5 /* RoundedButton.swift */ = {isa = PBXFileReference; lastKnownFileType = sourcecode.swift; path = RoundedButton.swift; sourceTree = "<group>"; };
		273ED4241F2ADE31004A60D5 /* UserDataService.swift */ = {isa = PBXFileReference; lastKnownFileType = sourcecode.swift; path = UserDataService.swift; sourceTree = "<group>"; };
		273ED4261F2AE6B2004A60D5 /* AvatarPickerVC.swift */ = {isa = PBXFileReference; lastKnownFileType = sourcecode.swift; path = AvatarPickerVC.swift; sourceTree = "<group>"; };
		273ED4281F2AE80C004A60D5 /* AvatarCell.swift */ = {isa = PBXFileReference; lastKnownFileType = sourcecode.swift; path = AvatarCell.swift; sourceTree = "<group>"; };
		273ED42A1F2AF314004A60D5 /* CircleImage.swift */ = {isa = PBXFileReference; lastKnownFileType = sourcecode.swift; path = CircleImage.swift; sourceTree = "<group>"; };
		27B3D31B1F29640D00D1C9F2 /* ChatVC.swift */ = {isa = PBXFileReference; lastKnownFileType = sourcecode.swift; path = ChatVC.swift; sourceTree = "<group>"; };
		27B3D31D1F29641D00D1C9F2 /* ChannelVC.swift */ = {isa = PBXFileReference; lastKnownFileType = sourcecode.swift; path = ChannelVC.swift; sourceTree = "<group>"; };
		27B3D31F1F296ACD00D1C9F2 /* SWRevealViewController.h */ = {isa = PBXFileReference; lastKnownFileType = sourcecode.c.h; path = SWRevealViewController.h; sourceTree = "<group>"; };
		27B3D3201F296ACE00D1C9F2 /* SWRevealViewController.m */ = {isa = PBXFileReference; lastKnownFileType = sourcecode.c.objc; path = SWRevealViewController.m; sourceTree = "<group>"; };
		27B3D3211F296B1C00D1C9F2 /* Smack-Bridging-Header.h */ = {isa = PBXFileReference; lastKnownFileType = sourcecode.c.h; path = "Smack-Bridging-Header.h"; sourceTree = "<group>"; };
		27B3D3231F29B76F00D1C9F2 /* GradientView.swift */ = {isa = PBXFileReference; lastKnownFileType = sourcecode.swift; path = GradientView.swift; sourceTree = "<group>"; };
		27E66B4A1F2A2D72009A04A3 /* Constants.swift */ = {isa = PBXFileReference; lastKnownFileType = sourcecode.swift; path = Constants.swift; sourceTree = "<group>"; };
		27E66B4C1F2A31E5009A04A3 /* LoginVC.swift */ = {isa = PBXFileReference; lastKnownFileType = sourcecode.swift; path = LoginVC.swift; sourceTree = "<group>"; };
		27E66B4E1F2A33E4009A04A3 /* CreateAccountVC.swift */ = {isa = PBXFileReference; lastKnownFileType = sourcecode.swift; path = CreateAccountVC.swift; sourceTree = "<group>"; };
		27F2958E1F294D0E006AE5FD /* Smack.app */ = {isa = PBXFileReference; explicitFileType = wrapper.application; includeInIndex = 0; path = Smack.app; sourceTree = BUILT_PRODUCTS_DIR; };
		27F295911F294D0E006AE5FD /* AppDelegate.swift */ = {isa = PBXFileReference; lastKnownFileType = sourcecode.swift; path = AppDelegate.swift; sourceTree = "<group>"; };
		27F295961F294D0E006AE5FD /* Base */ = {isa = PBXFileReference; lastKnownFileType = file.storyboard; name = Base; path = Base.lproj/Main.storyboard; sourceTree = "<group>"; };
		27F295981F294D0E006AE5FD /* Assets.xcassets */ = {isa = PBXFileReference; lastKnownFileType = folder.assetcatalog; path = Assets.xcassets; sourceTree = "<group>"; };
		27F2959B1F294D0E006AE5FD /* Base */ = {isa = PBXFileReference; lastKnownFileType = file.storyboard; name = Base; path = Base.lproj/LaunchScreen.storyboard; sourceTree = "<group>"; };
		27F2959D1F294D0E006AE5FD /* Info.plist */ = {isa = PBXFileReference; lastKnownFileType = text.plist.xml; path = Info.plist; sourceTree = "<group>"; };
		341770E8EA4E4D111BB8B51C /* Pods_Smack.framework */ = {isa = PBXFileReference; explicitFileType = wrapper.framework; includeInIndex = 0; path = Pods_Smack.framework; sourceTree = BUILT_PRODUCTS_DIR; };
		8771C01A4B1DB31BF9772E04 /* Pods-Smack.debug.xcconfig */ = {isa = PBXFileReference; includeInIndex = 1; lastKnownFileType = text.xcconfig; name = "Pods-Smack.debug.xcconfig"; path = "Pods/Target Support Files/Pods-Smack/Pods-Smack.debug.xcconfig"; sourceTree = "<group>"; };
		F4F6174FFB1215EC78E2EFC1 /* Pods-Smack.release.xcconfig */ = {isa = PBXFileReference; includeInIndex = 1; lastKnownFileType = text.xcconfig; name = "Pods-Smack.release.xcconfig"; path = "Pods/Target Support Files/Pods-Smack/Pods-Smack.release.xcconfig"; sourceTree = "<group>"; };
/* End PBXFileReference section */

/* Begin PBXFrameworksBuildPhase section */
		27F2958B1F294D0E006AE5FD /* Frameworks */ = {
			isa = PBXFrameworksBuildPhase;
			buildActionMask = 2147483647;
			files = (
				03A40A813D604D28D429B8AD /* Pods_Smack.framework in Frameworks */,
			);
			runOnlyForDeploymentPostprocessing = 0;
		};
/* End PBXFrameworksBuildPhase section */

/* Begin PBXGroup section */
		273CDCA71F2A60320031B819 /* Services */ = {
			isa = PBXGroup;
			children = (
				273CDCA81F2A60800031B819 /* AuthService.swift */,
				273ED4241F2ADE31004A60D5 /* UserDataService.swift */,
			);
			path = Services;
			sourceTree = "<group>";
		};
		27B3D3181F2963C900D1C9F2 /* Controller */ = {
			isa = PBXGroup;
			children = (
				27B3D31B1F29640D00D1C9F2 /* ChatVC.swift */,
				27B3D31D1F29641D00D1C9F2 /* ChannelVC.swift */,
				27E66B4C1F2A31E5009A04A3 /* LoginVC.swift */,
				27E66B4E1F2A33E4009A04A3 /* CreateAccountVC.swift */,
				273ED4261F2AE6B2004A60D5 /* AvatarPickerVC.swift */,
			);
			path = Controller;
			sourceTree = "<group>";
		};
		27B3D3191F2963CE00D1C9F2 /* View */ = {
			isa = PBXGroup;
			children = (
				27B3D3231F29B76F00D1C9F2 /* GradientView.swift */,
				273ED4221F2AD4C3004A60D5 /* RoundedButton.swift */,
				273ED4281F2AE80C004A60D5 /* AvatarCell.swift */,
				273ED42A1F2AF314004A60D5 /* CircleImage.swift */,
			);
			path = View;
			sourceTree = "<group>";
		};
		27B3D31A1F2963D400D1C9F2 /* Model */ = {
			isa = PBXGroup;
			children = (
			);
			path = Model;
			sourceTree = "<group>";
		};
		27E2F0991F295A6F0066054C /* SupportFiles */ = {
			isa = PBXGroup;
			children = (
				27B3D31F1F296ACD00D1C9F2 /* SWRevealViewController.h */,
				27B3D3201F296ACE00D1C9F2 /* SWRevealViewController.m */,
				27B3D3211F296B1C00D1C9F2 /* Smack-Bridging-Header.h */,
			);
			path = SupportFiles;
			sourceTree = "<group>";
		};
		27E66B491F2A2D5A009A04A3 /* Utilities */ = {
			isa = PBXGroup;
			children = (
				27E66B4A1F2A2D72009A04A3 /* Constants.swift */,
			);
			path = Utilities;
			sourceTree = "<group>";
		};
		27F295851F294D0E006AE5FD = {
			isa = PBXGroup;
			children = (
				27F295901F294D0E006AE5FD /* Smack */,
				27F2958F1F294D0E006AE5FD /* Products */,
				A6D2DCB45BB79D6E072BDED0 /* Pods */,
				A2C9E72A4D1EE404B43001BB /* Frameworks */,
			);
			sourceTree = "<group>";
		};
		27F2958F1F294D0E006AE5FD /* Products */ = {
			isa = PBXGroup;
			children = (
				27F2958E1F294D0E006AE5FD /* Smack.app */,
			);
			name = Products;
			sourceTree = "<group>";
		};
		27F295901F294D0E006AE5FD /* Smack */ = {
			isa = PBXGroup;
			children = (
				273CDCA71F2A60320031B819 /* Services */,
				27E66B491F2A2D5A009A04A3 /* Utilities */,
				27B3D31A1F2963D400D1C9F2 /* Model */,
				27B3D3191F2963CE00D1C9F2 /* View */,
				27B3D3181F2963C900D1C9F2 /* Controller */,
				27E2F0991F295A6F0066054C /* SupportFiles */,
				27F295911F294D0E006AE5FD /* AppDelegate.swift */,
				27F295951F294D0E006AE5FD /* Main.storyboard */,
				27F295981F294D0E006AE5FD /* Assets.xcassets */,
				27F2959A1F294D0E006AE5FD /* LaunchScreen.storyboard */,
				27F2959D1F294D0E006AE5FD /* Info.plist */,
			);
			path = Smack;
			sourceTree = "<group>";
		};
		A2C9E72A4D1EE404B43001BB /* Frameworks */ = {
			isa = PBXGroup;
			children = (
				341770E8EA4E4D111BB8B51C /* Pods_Smack.framework */,
			);
			name = Frameworks;
			sourceTree = "<group>";
		};
		A6D2DCB45BB79D6E072BDED0 /* Pods */ = {
			isa = PBXGroup;
			children = (
				8771C01A4B1DB31BF9772E04 /* Pods-Smack.debug.xcconfig */,
				F4F6174FFB1215EC78E2EFC1 /* Pods-Smack.release.xcconfig */,
			);
			name = Pods;
			sourceTree = "<group>";
		};
/* End PBXGroup section */

/* Begin PBXNativeTarget section */
		27F2958D1F294D0E006AE5FD /* Smack */ = {
			isa = PBXNativeTarget;
			buildConfigurationList = 27F295A01F294D0E006AE5FD /* Build configuration list for PBXNativeTarget "Smack" */;
			buildPhases = (
				53CA1DE4256DE288EB3F6C1B /* [CP] Check Pods Manifest.lock */,
				27F2958A1F294D0E006AE5FD /* Sources */,
				27F2958B1F294D0E006AE5FD /* Frameworks */,
				27F2958C1F294D0E006AE5FD /* Resources */,
				831B76A88CED2E6469516500 /* [CP] Embed Pods Frameworks */,
				4D5A61C7E743FCA7439F7A72 /* [CP] Copy Pods Resources */,
			);
			buildRules = (
			);
			dependencies = (
			);
			name = Smack;
			productName = Smack;
			productReference = 27F2958E1F294D0E006AE5FD /* Smack.app */;
			productType = "com.apple.product-type.application";
		};
/* End PBXNativeTarget section */

/* Begin PBXProject section */
		27F295861F294D0E006AE5FD /* Project object */ = {
			isa = PBXProject;
			attributes = {
				LastSwiftUpdateCheck = 0900;
				LastUpgradeCheck = 0900;
				ORGANIZATIONNAME = "Kyle Aquino";
				TargetAttributes = {
					27F2958D1F294D0E006AE5FD = {
						CreatedOnToolsVersion = 9.0;
						LastSwiftMigration = 0900;
					};
				};
			};
			buildConfigurationList = 27F295891F294D0E006AE5FD /* Build configuration list for PBXProject "Smack" */;
			compatibilityVersion = "Xcode 8.0";
			developmentRegion = en;
			hasScannedForEncodings = 0;
			knownRegions = (
				en,
				Base,
			);
			mainGroup = 27F295851F294D0E006AE5FD;
			productRefGroup = 27F2958F1F294D0E006AE5FD /* Products */;
			projectDirPath = "";
			projectRoot = "";
			targets = (
				27F2958D1F294D0E006AE5FD /* Smack */,
			);
		};
/* End PBXProject section */

/* Begin PBXResourcesBuildPhase section */
		27F2958C1F294D0E006AE5FD /* Resources */ = {
			isa = PBXResourcesBuildPhase;
			buildActionMask = 2147483647;
			files = (
				27F2959C1F294D0E006AE5FD /* LaunchScreen.storyboard in Resources */,
				27F295991F294D0E006AE5FD /* Assets.xcassets in Resources */,
				27F295971F294D0E006AE5FD /* Main.storyboard in Resources */,
			);
			runOnlyForDeploymentPostprocessing = 0;
		};
/* End PBXResourcesBuildPhase section */

/* Begin PBXShellScriptBuildPhase section */
		4D5A61C7E743FCA7439F7A72 /* [CP] Copy Pods Resources */ = {
			isa = PBXShellScriptBuildPhase;
			buildActionMask = 2147483647;
			files = (
			);
			inputPaths = (
			);
			name = "[CP] Copy Pods Resources";
			outputPaths = (
			);
			runOnlyForDeploymentPostprocessing = 0;
			shellPath = /bin/sh;
			shellScript = "\"${SRCROOT}/Pods/Target Support Files/Pods-Smack/Pods-Smack-resources.sh\"\n";
			showEnvVarsInLog = 0;
		};
		53CA1DE4256DE288EB3F6C1B /* [CP] Check Pods Manifest.lock */ = {
			isa = PBXShellScriptBuildPhase;
			buildActionMask = 2147483647;
			files = (
			);
			inputPaths = (
			);
			name = "[CP] Check Pods Manifest.lock";
			outputPaths = (
			);
			runOnlyForDeploymentPostprocessing = 0;
			shellPath = /bin/sh;
			shellScript = "diff \"${PODS_ROOT}/../Podfile.lock\" \"${PODS_ROOT}/Manifest.lock\" > /dev/null\nif [ $? != 0 ] ; then\n    # print error to STDERR\n    echo \"error: The sandbox is not in sync with the Podfile.lock. Run 'pod install' or update your CocoaPods installation.\" >&2\n    exit 1\nfi\n";
			showEnvVarsInLog = 0;
		};
		831B76A88CED2E6469516500 /* [CP] Embed Pods Frameworks */ = {
			isa = PBXShellScriptBuildPhase;
			buildActionMask = 2147483647;
			files = (
			);
			inputPaths = (
			);
			name = "[CP] Embed Pods Frameworks";
			outputPaths = (
			);
			runOnlyForDeploymentPostprocessing = 0;
			shellPath = /bin/sh;
			shellScript = "\"${SRCROOT}/Pods/Target Support Files/Pods-Smack/Pods-Smack-frameworks.sh\"\n";
			showEnvVarsInLog = 0;
		};
/* End PBXShellScriptBuildPhase section */

/* Begin PBXSourcesBuildPhase section */
		27F2958A1F294D0E006AE5FD /* Sources */ = {
			isa = PBXSourcesBuildPhase;
			buildActionMask = 2147483647;
			files = (
				27B3D31C1F29640D00D1C9F2 /* ChatVC.swift in Sources */,
				273ED4271F2AE6B2004A60D5 /* AvatarPickerVC.swift in Sources */,
				273ED4231F2AD4C3004A60D5 /* RoundedButton.swift in Sources */,
				273ED42B1F2AF314004A60D5 /* CircleImage.swift in Sources */,
				27B3D31E1F29641D00D1C9F2 /* ChannelVC.swift in Sources */,
				273ED4251F2ADE31004A60D5 /* UserDataService.swift in Sources */,
				27E66B4F1F2A33E4009A04A3 /* CreateAccountVC.swift in Sources */,
				273CDCA91F2A60800031B819 /* AuthService.swift in Sources */,
				27E66B4D1F2A31E5009A04A3 /* LoginVC.swift in Sources */,
				27B3D3241F29B76F00D1C9F2 /* GradientView.swift in Sources */,
				273ED4291F2AE80C004A60D5 /* AvatarCell.swift in Sources */,
				27F295921F294D0E006AE5FD /* AppDelegate.swift in Sources */,
				27B3D3221F296F3800D1C9F2 /* SWRevealViewController.m in Sources */,
				27E66B4B1F2A2D72009A04A3 /* Constants.swift in Sources */,
			);
			runOnlyForDeploymentPostprocessing = 0;
		};
/* End PBXSourcesBuildPhase section */

/* Begin PBXVariantGroup section */
		27F295951F294D0E006AE5FD /* Main.storyboard */ = {
			isa = PBXVariantGroup;
			children = (
				27F295961F294D0E006AE5FD /* Base */,
			);
			name = Main.storyboard;
			sourceTree = "<group>";
		};
		27F2959A1F294D0E006AE5FD /* LaunchScreen.storyboard */ = {
			isa = PBXVariantGroup;
			children = (
				27F2959B1F294D0E006AE5FD /* Base */,
			);
			name = LaunchScreen.storyboard;
			sourceTree = "<group>";
		};
/* End PBXVariantGroup section */

/* Begin XCBuildConfiguration section */
		27F2959E1F294D0E006AE5FD /* Debug */ = {
			isa = XCBuildConfiguration;
			buildSettings = {
				ALWAYS_SEARCH_USER_PATHS = NO;
				CLANG_ANALYZER_NONNULL = YES;
				CLANG_ANALYZER_NUMBER_OBJECT_CONVERSION = YES_AGGRESSIVE;
				CLANG_CXX_LANGUAGE_STANDARD = "gnu++14";
				CLANG_CXX_LIBRARY = "libc++";
				CLANG_ENABLE_MODULES = YES;
				CLANG_ENABLE_OBJC_ARC = YES;
				CLANG_WARN_BLOCK_CAPTURE_AUTORELEASING = YES;
				CLANG_WARN_BOOL_CONVERSION = YES;
				CLANG_WARN_COMMA = YES;
				CLANG_WARN_CONSTANT_CONVERSION = YES;
				CLANG_WARN_DIRECT_OBJC_ISA_USAGE = YES_ERROR;
				CLANG_WARN_DOCUMENTATION_COMMENTS = YES;
				CLANG_WARN_EMPTY_BODY = YES;
				CLANG_WARN_ENUM_CONVERSION = YES;
				CLANG_WARN_INFINITE_RECURSION = YES;
				CLANG_WARN_INT_CONVERSION = YES;
				CLANG_WARN_NON_LITERAL_NULL_CONVERSION = YES;
				CLANG_WARN_OBJC_LITERAL_CONVERSION = YES;
				CLANG_WARN_OBJC_ROOT_CLASS = YES_ERROR;
				CLANG_WARN_RANGE_LOOP_ANALYSIS = YES;
				CLANG_WARN_STRICT_PROTOTYPES = YES;
				CLANG_WARN_SUSPICIOUS_MOVE = YES;
				CLANG_WARN_UNGUARDED_AVAILABILITY = YES_AGGRESSIVE;
				CLANG_WARN_UNREACHABLE_CODE = YES;
				CLANG_WARN__DUPLICATE_METHOD_MATCH = YES;
				CODE_SIGN_IDENTITY = "iPhone Developer";
				COPY_PHASE_STRIP = NO;
				DEBUG_INFORMATION_FORMAT = dwarf;
				ENABLE_STRICT_OBJC_MSGSEND = YES;
				ENABLE_TESTABILITY = YES;
				GCC_C_LANGUAGE_STANDARD = gnu11;
				GCC_DYNAMIC_NO_PIC = NO;
				GCC_NO_COMMON_BLOCKS = YES;
				GCC_OPTIMIZATION_LEVEL = 0;
				GCC_PREPROCESSOR_DEFINITIONS = (
					"DEBUG=1",
					"$(inherited)",
				);
				GCC_WARN_64_TO_32_BIT_CONVERSION = YES;
				GCC_WARN_ABOUT_RETURN_TYPE = YES_ERROR;
				GCC_WARN_UNDECLARED_SELECTOR = YES;
				GCC_WARN_UNINITIALIZED_AUTOS = YES_AGGRESSIVE;
				GCC_WARN_UNUSED_FUNCTION = YES;
				GCC_WARN_UNUSED_VARIABLE = YES;
				IPHONEOS_DEPLOYMENT_TARGET = 11.0;
				MTL_ENABLE_DEBUG_INFO = YES;
				ONLY_ACTIVE_ARCH = YES;
				SDKROOT = iphoneos;
				SWIFT_ACTIVE_COMPILATION_CONDITIONS = DEBUG;
				SWIFT_OPTIMIZATION_LEVEL = "-Onone";
			};
			name = Debug;
		};
		27F2959F1F294D0E006AE5FD /* Release */ = {
			isa = XCBuildConfiguration;
			buildSettings = {
				ALWAYS_SEARCH_USER_PATHS = NO;
				CLANG_ANALYZER_NONNULL = YES;
				CLANG_ANALYZER_NUMBER_OBJECT_CONVERSION = YES_AGGRESSIVE;
				CLANG_CXX_LANGUAGE_STANDARD = "gnu++14";
				CLANG_CXX_LIBRARY = "libc++";
				CLANG_ENABLE_MODULES = YES;
				CLANG_ENABLE_OBJC_ARC = YES;
				CLANG_WARN_BLOCK_CAPTURE_AUTORELEASING = YES;
				CLANG_WARN_BOOL_CONVERSION = YES;
				CLANG_WARN_COMMA = YES;
				CLANG_WARN_CONSTANT_CONVERSION = YES;
				CLANG_WARN_DIRECT_OBJC_ISA_USAGE = YES_ERROR;
				CLANG_WARN_DOCUMENTATION_COMMENTS = YES;
				CLANG_WARN_EMPTY_BODY = YES;
				CLANG_WARN_ENUM_CONVERSION = YES;
				CLANG_WARN_INFINITE_RECURSION = YES;
				CLANG_WARN_INT_CONVERSION = YES;
				CLANG_WARN_NON_LITERAL_NULL_CONVERSION = YES;
				CLANG_WARN_OBJC_LITERAL_CONVERSION = YES;
				CLANG_WARN_OBJC_ROOT_CLASS = YES_ERROR;
				CLANG_WARN_RANGE_LOOP_ANALYSIS = YES;
				CLANG_WARN_STRICT_PROTOTYPES = YES;
				CLANG_WARN_SUSPICIOUS_MOVE = YES;
				CLANG_WARN_UNGUARDED_AVAILABILITY = YES_AGGRESSIVE;
				CLANG_WARN_UNREACHABLE_CODE = YES;
				CLANG_WARN__DUPLICATE_METHOD_MATCH = YES;
				CODE_SIGN_IDENTITY = "iPhone Developer";
				COPY_PHASE_STRIP = NO;
				DEBUG_INFORMATION_FORMAT = "dwarf-with-dsym";
				ENABLE_NS_ASSERTIONS = NO;
				ENABLE_STRICT_OBJC_MSGSEND = YES;
				GCC_C_LANGUAGE_STANDARD = gnu11;
				GCC_NO_COMMON_BLOCKS = YES;
				GCC_WARN_64_TO_32_BIT_CONVERSION = YES;
				GCC_WARN_ABOUT_RETURN_TYPE = YES_ERROR;
				GCC_WARN_UNDECLARED_SELECTOR = YES;
				GCC_WARN_UNINITIALIZED_AUTOS = YES_AGGRESSIVE;
				GCC_WARN_UNUSED_FUNCTION = YES;
				GCC_WARN_UNUSED_VARIABLE = YES;
				IPHONEOS_DEPLOYMENT_TARGET = 11.0;
				MTL_ENABLE_DEBUG_INFO = NO;
				SDKROOT = iphoneos;
				SWIFT_OPTIMIZATION_LEVEL = "-Owholemodule";
				VALIDATE_PRODUCT = YES;
			};
			name = Release;
		};
		27F295A11F294D0E006AE5FD /* Debug */ = {
			isa = XCBuildConfiguration;
			baseConfigurationReference = 8771C01A4B1DB31BF9772E04 /* Pods-Smack.debug.xcconfig */;
			buildSettings = {
				ASSETCATALOG_COMPILER_APPICON_NAME = AppIcon;
				CLANG_ENABLE_MODULES = YES;
				DEVELOPMENT_TEAM = 4Y5F6D66K9;
				INFOPLIST_FILE = Smack/Info.plist;
				LD_RUNPATH_SEARCH_PATHS = "$(inherited) @executable_path/Frameworks";
				PRODUCT_BUNDLE_IDENTIFIER = com.kyleaquino.Smack;
				PRODUCT_NAME = "$(TARGET_NAME)";
				SWIFT_OBJC_BRIDGING_HEADER = "Smack/SupportFiles/Smack-Bridging-Header.h";
				SWIFT_OPTIMIZATION_LEVEL = "-Onone";
				SWIFT_VERSION = 4.0;
				TARGETED_DEVICE_FAMILY = "1,2";
			};
			name = Debug;
		};
		27F295A21F294D0E006AE5FD /* Release */ = {
			isa = XCBuildConfiguration;
			baseConfigurationReference = F4F6174FFB1215EC78E2EFC1 /* Pods-Smack.release.xcconfig */;
			buildSettings = {
				ASSETCATALOG_COMPILER_APPICON_NAME = AppIcon;
				CLANG_ENABLE_MODULES = YES;
				DEVELOPMENT_TEAM = 4Y5F6D66K9;
				INFOPLIST_FILE = Smack/Info.plist;
				LD_RUNPATH_SEARCH_PATHS = "$(inherited) @executable_path/Frameworks";
				PRODUCT_BUNDLE_IDENTIFIER = com.kyleaquino.Smack;
				PRODUCT_NAME = "$(TARGET_NAME)";
				SWIFT_OBJC_BRIDGING_HEADER = "Smack/SupportFiles/Smack-Bridging-Header.h";
				SWIFT_VERSION = 4.0;
				TARGETED_DEVICE_FAMILY = "1,2";
			};
			name = Release;
		};
/* End XCBuildConfiguration section */

/* Begin XCConfigurationList section */
		27F295891F294D0E006AE5FD /* Build configuration list for PBXProject "Smack" */ = {
			isa = XCConfigurationList;
			buildConfigurations = (
				27F2959E1F294D0E006AE5FD /* Debug */,
				27F2959F1F294D0E006AE5FD /* Release */,
			);
			defaultConfigurationIsVisible = 0;
			defaultConfigurationName = Release;
		};
		27F295A01F294D0E006AE5FD /* Build configuration list for PBXNativeTarget "Smack" */ = {
			isa = XCConfigurationList;
			buildConfigurations = (
				27F295A11F294D0E006AE5FD /* Debug */,
				27F295A21F294D0E006AE5FD /* Release */,
			);
			defaultConfigurationIsVisible = 0;
			defaultConfigurationName = Release;
		};
/* End XCConfigurationList section */
	};
	rootObject = 27F295861F294D0E006AE5FD /* Project object */;
}
